
Microsoft Visual Studio Solution File, Format Version 12.00
# Visual Studio Version 16
VisualStudioVersion = 16.0.31424.327
MinimumVisualStudioVersion = 10.0.40219.1
Project("{888888A0-9F3D-457C-B088-3A5042F75D52}") = "Polugons", "Polugons\Polugons.pyproj", "{6AB129A6-E0D7-46DD-9138-3BF74943E820}"
EndProject
Global
	GlobalSection(SolutionConfigurationPlatforms) = preSolution
		Debug|Any CPU = Debug|Any CPU
		Release|Any CPU = Release|Any CPU
	EndGlobalSection
	GlobalSection(ProjectConfigurationPlatforms) = postSolution
		{6AB129A6-E0D7-46DD-9138-3BF74943E820}.Debug|Any CPU.ActiveCfg = Debug|Any CPU
		{6AB129A6-E0D7-46DD-9138-3BF74943E820}.Release|Any CPU.ActiveCfg = Release|Any CPU
	EndGlobalSection
	GlobalSection(SolutionProperties) = preSolution
		HideSolutionNode = FALSE
	EndGlobalSection
	GlobalSection(ExtensibilityGlobals) = postSolution
		SolutionGuid = {F8053199-6F36-47BD-BF85-DDD398EE0F84}
	EndGlobalSection
EndGlobal
